Microsoft Visual Studio Solution File, Format Version 12.00
# Visual Studio Version 17
VisualStudioVersion = 17.5.2.0
MinimumVisualStudioVersion = 10.0.40219.1
Project("{FAE04EC0-301F-11D3-BF4B-00C04F79EFBC}") = "MyCSharpApp", "MyCSharpApp\MyCSharpApp.csproj", "{58056028-A20C-7DA6-590A-4FAFCDFF489D}"
EndProject
Global
	GlobalSection(SolutionConfigurationPlatforms) = preSolution
		Debug|Any CPU = Debug|Any CPU
		Release|Any CPU = Release|Any CPU
	EndGlobalSection
	GlobalSection(ProjectConfigurationPlatforms) = postSolution
		{58056028-A20C-7DA6-590A-4FAFCDFF489D}.Debug|Any CPU.ActiveCfg = Debug|Any CPU
		{58056028-A20C-7DA6-590A-4FAFCDFF489D}.Debug|Any CPU.Build.0 = Debug|Any CPU
		{58056028-A20C-7DA6-590A-4FAFCDFF489D}.Release|Any CPU.ActiveCfg = Release|Any CPU
		{58056028-A20C-7DA6-590A-4FAFCDFF489D}.Release|Any CPU.Build.0 = Release|Any CPU
	EndGlobalSection
	GlobalSection(SolutionProperties) = preSolution
		HideSolutionNode = FALSE
	EndGlobalSection
	GlobalSection(ExtensibilityGlobals) = postSolution
		SolutionGuid = {9AEEBFEB-7609-4110-9793-50F8FDE68C74}
	EndGlobalSection
EndGlobal
